# This file was autogenerated by Stack.
# You should not edit this file by hand.
# For more information, please see the documentation at:
#   https://docs.haskellstack.org/en/stable/lock_files

packages:
- completed:
    hackage: pipes-interleave-1.1.3@sha256:8a526c6784dad7eb70d8873f13ba622724f986f074246d6e2db81a79bd9e59e6,965
    pantry-tree:
      size: 219
      sha256: 88b833bddcc03d8b036a118d95afd96ad19485530a5ff1d239eeb9d6b6f34bd3
  original:
    hackage: pipes-interleave-1.1.3@sha256:8a526c6784dad7eb70d8873f13ba622724f986f074246d6e2db81a79bd9e59e6,965
snapshots:
- completed:
    size: 498186
    url: https://raw.githubusercontent.com/commercialhaskell/stackage-snapshots/master/lts/13/22.yaml
    sha256: d4f07dc3d5658260c2fe34266ad7618f6c84d34decf559c9c786ac1cfccf4e7b
  original: lts-13.22
